
Microsoft Visual Studio Solution File, Format Version 12.00
# Visual Studio Version 17
VisualStudioVersion = 17.3.32901.215
MinimumVisualStudioVersion = 10.0.40219.1
Project("{8BC9CEB8-8B4A-11D0-8D11-00A0C91BC942}") = "Task1", "Task1\Task1.vcxproj", "{A124F307-C96E-47A0-93C4-B0AABB61E6A1}"
EndProject
Project("{8BC9CEB8-8B4A-11D0-8D11-00A0C91BC942}") = "Task2", "Task2\Task2.vcxproj", "{C8B3B0C5-0409-4775-A2E1-57453679C112}"
EndProject
Project("{8BC9CEB8-8B4A-11D0-8D11-00A0C91BC942}") = "Task3", "Task3\Task3.vcxproj", "{00B42B49-00C7-48E6-BAD7-630F444BE821}"
EndProject
Project("{8BC9CEB8-8B4A-11D0-8D11-00A0C91BC942}") = "Task4", "Task4\Task4.vcxproj", "{C358213E-2E26-476F-9216-653347F64250}"
EndProject
Project("{8BC9CEB8-8B4A-11D0-8D11-00A0C91BC942}") = "Task5", "Task5\Task5.vcxproj", "{1E5FF0B7-7AAB-4582-AB0A-09ACA38CBCF1}"
EndProject
Project("{8BC9CEB8-8B4A-11D0-8D11-00A0C91BC942}") = "Task6", "Task6\Task6.vcxproj", "{5BC81565-16C6-4E84-B2AA-8254A8224F80}"
EndProject
Global
	GlobalSection(SolutionConfigurationPlatforms) = preSolution
		Debug|x64 = Debug|x64
		Debug|x86 = Debug|x86
		Release|x64 = Release|x64
		Release|x86 = Release|x86
	EndGlobalSection
	GlobalSection(ProjectConfigurationPlatforms) = postSolution
		{A124F307-C96E-47A0-93C4-B0AABB61E6A1}.Debug|x64.ActiveCfg = Debug|x64
		{A124F307-C96E-47A0-93C4-B0AABB61E6A1}.Debug|x64.Build.0 = Debug|x64
		{A124F307-C96E-47A0-93C4-B0AABB61E6A1}.Debug|x86.ActiveCfg = Debug|Win32
		{A124F307-C96E-47A0-93C4-B0AABB61E6A1}.Debug|x86.Build.0 = Debug|Win32
		{A124F307-C96E-47A0-93C4-B0AABB61E6A1}.Release|x64.ActiveCfg = Release|x64
		{A124F307-C96E-47A0-93C4-B0AABB61E6A1}.Release|x64.Build.0 = Release|x64
		{A124F307-C96E-47A0-93C4-B0AABB61E6A1}.Release|x86.ActiveCfg = Release|Win32
		{A124F307-C96E-47A0-93C4-B0AABB61E6A1}.Release|x86.Build.0 = Release|Win32
		{C8B3B0C5-0409-4775-A2E1-57453679C112}.Debug|x64.ActiveCfg = Debug|x64
		{C8B3B0C5-0409-4775-A2E1-57453679C112}.Debug|x64.Build.0 = Debug|x64
		{C8B3B0C5-0409-4775-A2E1-57453679C112}.Debug|x86.ActiveCfg = Debug|Win32
		{C8B3B0C5-0409-4775-A2E1-57453679C112}.Debug|x86.Build.0 = Debug|Win32
		{C8B3B0C5-0409-4775-A2E1-57453679C112}.Release|x64.ActiveCfg = Release|x64
		{C8B3B0C5-0409-4775-A2E1-57453679C112}.Release|x64.Build.0 = Release|x64
		{C8B3B0C5-0409-4775-A2E1-57453679C112}.Release|x86.ActiveCfg = Release|Win32
		{C8B3B0C5-0409-4775-A2E1-57453679C112}.Release|x86.Build.0 = Release|Win32
		{00B42B49-00C7-48E6-BAD7-630F444BE821}.Debug|x64.ActiveCfg = Debug|x64
		{00B42B49-00C7-48E6-BAD7-630F444BE821}.Debug|x64.Build.0 = Debug|x64
		{00B42B49-00C7-48E6-BAD7-630F444BE821}.Debug|x86.ActiveCfg = Debug|Win32
		{00B42B49-00C7-48E6-BAD7-630F444BE821}.Debug|x86.Build.0 = Debug|Win32
		{00B42B49-00C7-48E6-BAD7-630F444BE821}.Release|x64.ActiveCfg = Release|x64
		{00B42B49-00C7-48E6-BAD7-630F444BE821}.Release|x64.Build.0 = Release|x64
		{00B42B49-00C7-48E6-BAD7-630F444BE821}.Release|x86.ActiveCfg = Release|Win32
		{00B42B49-00C7-48E6-BAD7-630F444BE821}.Release|x86.Build.0 = Release|Win32
	EndGlobalSection
	GlobalSection(SolutionProperties) = preSolution
		HideSolutionNode = FALSE
	EndGlobalSection
	GlobalSection(ExtensibilityGlobals) = postSolution
		SolutionGuid = {53B6E0FA-4C86-4495-8DA0-FAF3CCDE70BE}
	EndGlobalSection
EndGlobal
