
Microsoft Visual Studio Solution File, Format Version 12.00
# Visual Studio Version 17
VisualStudioVersion = 17.3.32901.215
MinimumVisualStudioVersion = 10.0.40219.1
Project("{8BC9CEB8-8B4A-11D0-8D11-00A0C91BC942}") = "Task1", "Task1\Task1.vcxproj", "{1FFDEA71-FDBF-44B0-8E9B-05A37DC576AE}"
EndProject
Project("{8BC9CEB8-8B4A-11D0-8D11-00A0C91BC942}") = "Task2", "Task2\Task2.vcxproj", "{1A57DBB7-8EA3-4302-8164-E72E90A2C54B}"
EndProject
Project("{8BC9CEB8-8B4A-11D0-8D11-00A0C91BC942}") = "Task3", "Task3\Task3.vcxproj", "{7FEE3250-93C5-47B6-9E23-77F3B6402600}"
EndProject
Project("{8BC9CEB8-8B4A-11D0-8D11-00A0C91BC942}") = "Task4", "Task4\Task4.vcxproj", "{C5ED16EF-06D9-4F3C-A7E3-D2C0BB3354D9}"
EndProject
Project("{8BC9CEB8-8B4A-11D0-8D11-00A0C91BC942}") = "Task5", "Task5\Task5.vcxproj", "{E69AEE6D-6B8C-400A-B32D-B8B38CEF1290}"
EndProject
Project("{8BC9CEB8-8B4A-11D0-8D11-00A0C91BC942}") = "Task6", "Task6\Task6.vcxproj", "{6933E550-2623-481F-838C-51CBE5BC1703}"
EndProject
Global
	GlobalSection(SolutionConfigurationPlatforms) = preSolution
		Debug|x64 = Debug|x64
		Debug|x86 = Debug|x86
		Release|x64 = Release|x64
		Release|x86 = Release|x86
	EndGlobalSection
	GlobalSection(ProjectConfigurationPlatforms) = postSolution
		{1FFDEA71-FDBF-44B0-8E9B-05A37DC576AE}.Debug|x64.ActiveCfg = Debug|x64
		{1FFDEA71-FDBF-44B0-8E9B-05A37DC576AE}.Debug|x64.Build.0 = Debug|x64
		{1FFDEA71-FDBF-44B0-8E9B-05A37DC576AE}.Debug|x86.ActiveCfg = Debug|Win32
		{1FFDEA71-FDBF-44B0-8E9B-05A37DC576AE}.Debug|x86.Build.0 = Debug|Win32
		{1FFDEA71-FDBF-44B0-8E9B-05A37DC576AE}.Release|x64.ActiveCfg = Release|x64
		{1FFDEA71-FDBF-44B0-8E9B-05A37DC576AE}.Release|x64.Build.0 = Release|x64
		{1FFDEA71-FDBF-44B0-8E9B-05A37DC576AE}.Release|x86.ActiveCfg = Release|Win32
		{1FFDEA71-FDBF-44B0-8E9B-05A37DC576AE}.Release|x86.Build.0 = Release|Win32
		{1A57DBB7-8EA3-4302-8164-E72E90A2C54B}.Debug|x64.ActiveCfg = Debug|x64
		{1A57DBB7-8EA3-4302-8164-E72E90A2C54B}.Debug|x64.Build.0 = Debug|x64
		{1A57DBB7-8EA3-4302-8164-E72E90A2C54B}.Debug|x86.ActiveCfg = Debug|Win32
		{1A57DBB7-8EA3-4302-8164-E72E90A2C54B}.Debug|x86.Build.0 = Debug|Win32
		{1A57DBB7-8EA3-4302-8164-E72E90A2C54B}.Release|x64.ActiveCfg = Release|x64
		{1A57DBB7-8EA3-4302-8164-E72E90A2C54B}.Release|x64.Build.0 = Release|x64
		{1A57DBB7-8EA3-4302-8164-E72E90A2C54B}.Release|x86.ActiveCfg = Release|Win32
		{1A57DBB7-8EA3-4302-8164-E72E90A2C54B}.Release|x86.Build.0 = Release|Win32
		{7FEE3250-93C5-47B6-9E23-77F3B6402600}.Debug|x64.ActiveCfg = Debug|x64
		{7FEE3250-93C5-47B6-9E23-77F3B6402600}.Debug|x64.Build.0 = Debug|x64
		{7FEE3250-93C5-47B6-9E23-77F3B6402600}.Debug|x86.ActiveCfg = Debug|Win32
		{7FEE3250-93C5-47B6-9E23-77F3B6402600}.Debug|x86.Build.0 = Debug|Win32
		{7FEE3250-93C5-47B6-9E23-77F3B6402600}.Release|x64.ActiveCfg = Release|x64
		{7FEE3250-93C5-47B6-9E23-77F3B6402600}.Release|x64.Build.0 = Release|x64
		{7FEE3250-93C5-47B6-9E23-77F3B6402600}.Release|x86.ActiveCfg = Release|Win32
		{7FEE3250-93C5-47B6-9E23-77F3B6402600}.Release|x86.Build.0 = Release|Win32
		{C5ED16EF-06D9-4F3C-A7E3-D2C0BB3354D9}.Debug|x64.ActiveCfg = Debug|x64
		{C5ED16EF-06D9-4F3C-A7E3-D2C0BB3354D9}.Debug|x64.Build.0 = Debug|x64
		{C5ED16EF-06D9-4F3C-A7E3-D2C0BB3354D9}.Debug|x86.ActiveCfg = Debug|Win32
		{C5ED16EF-06D9-4F3C-A7E3-D2C0BB3354D9}.Debug|x86.Build.0 = Debug|Win32
		{C5ED16EF-06D9-4F3C-A7E3-D2C0BB3354D9}.Release|x64.ActiveCfg = Release|x64
		{C5ED16EF-06D9-4F3C-A7E3-D2C0BB3354D9}.Release|x64.Build.0 = Release|x64
		{C5ED16EF-06D9-4F3C-A7E3-D2C0BB3354D9}.Release|x86.ActiveCfg = Release|Win32
		{C5ED16EF-06D9-4F3C-A7E3-D2C0BB3354D9}.Release|x86.Build.0 = Release|Win32
		{E69AEE6D-6B8C-400A-B32D-B8B38CEF1290}.Debug|x64.ActiveCfg = Debug|x64
		{E69AEE6D-6B8C-400A-B32D-B8B38CEF1290}.Debug|x64.Build.0 = Debug|x64
		{E69AEE6D-6B8C-400A-B32D-B8B38CEF1290}.Debug|x86.ActiveCfg = Debug|Win32
		{E69AEE6D-6B8C-400A-B32D-B8B38CEF1290}.Debug|x86.Build.0 = Debug|Win32
		{E69AEE6D-6B8C-400A-B32D-B8B38CEF1290}.Release|x64.ActiveCfg = Release|x64
		{E69AEE6D-6B8C-400A-B32D-B8B38CEF1290}.Release|x64.Build.0 = Release|x64
		{E69AEE6D-6B8C-400A-B32D-B8B38CEF1290}.Release|x86.ActiveCfg = Release|Win32
		{E69AEE6D-6B8C-400A-B32D-B8B38CEF1290}.Release|x86.Build.0 = Release|Win32
		{6933E550-2623-481F-838C-51CBE5BC1703}.Debug|x64.ActiveCfg = Debug|x64
		{6933E550-2623-481F-838C-51CBE5BC1703}.Debug|x64.Build.0 = Debug|x64
		{6933E550-2623-481F-838C-51CBE5BC1703}.Debug|x86.ActiveCfg = Debug|Win32
		{6933E550-2623-481F-838C-51CBE5BC1703}.Debug|x86.Build.0 = Debug|Win32
		{6933E550-2623-481F-838C-51CBE5BC1703}.Release|x64.ActiveCfg = Release|x64
		{6933E550-2623-481F-838C-51CBE5BC1703}.Release|x64.Build.0 = Release|x64
		{6933E550-2623-481F-838C-51CBE5BC1703}.Release|x86.ActiveCfg = Release|Win32
		{6933E550-2623-481F-838C-51CBE5BC1703}.Release|x86.Build.0 = Release|Win32
	EndGlobalSection
	GlobalSection(SolutionProperties) = preSolution
		HideSolutionNode = FALSE
	EndGlobalSection
	GlobalSection(ExtensibilityGlobals) = postSolution
		SolutionGuid = {9C84AED6-A8A9-4E46-9DC8-9A80451C86AC}
	EndGlobalSection
EndGlobal
