
Microsoft Visual Studio Solution File, Format Version 12.00
# Visual Studio Version 17
VisualStudioVersion = 17.3.32901.215
MinimumVisualStudioVersion = 10.0.40219.1
Project("{8BC9CEB8-8B4A-11D0-8D11-00A0C91BC942}") = "Task1", "Task1\Task1.vcxproj", "{13F6CCFA-D2DD-43C4-802F-7E79EAA287D5}"
EndProject
Project("{8BC9CEB8-8B4A-11D0-8D11-00A0C91BC942}") = "Task2", "Task2\Task2.vcxproj", "{95D40800-96F0-49EC-B4D3-C2F88CBB5D97}"
EndProject
Project("{8BC9CEB8-8B4A-11D0-8D11-00A0C91BC942}") = "Task3", "Task3\Task3.vcxproj", "{5024F892-2E8A-49A3-ABA7-41262CD86ABA}"
EndProject
Project("{8BC9CEB8-8B4A-11D0-8D11-00A0C91BC942}") = "Task4", "Task4\Task4.vcxproj", "{A39A6D2F-4061-4385-A955-151B8AE66A6C}"
EndProject
Project("{8BC9CEB8-8B4A-11D0-8D11-00A0C91BC942}") = "Task5", "Task5\Task5.vcxproj", "{97438A64-081B-4ABC-B179-A379D1CBA553}"
EndProject
Project("{8BC9CEB8-8B4A-11D0-8D11-00A0C91BC942}") = "Task6", "Task6\Task6.vcxproj", "{0F3520EB-842D-49F0-8DD3-69D04676A791}"
EndProject
Project("{8BC9CEB8-8B4A-11D0-8D11-00A0C91BC942}") = "Task7", "Task7\Task7.vcxproj", "{364959D9-B67F-465E-A161-0BDF1D9CBB83}"
EndProject
Project("{8BC9CEB8-8B4A-11D0-8D11-00A0C91BC942}") = "Task8", "Task8\Task8.vcxproj", "{0FFE4D8E-F8DF-4771-B816-98833DD55F96}"
EndProject
Project("{8BC9CEB8-8B4A-11D0-8D11-00A0C91BC942}") = "Task9", "Task9\Task9.vcxproj", "{691B2564-0013-46BE-85B5-AEDAF1163688}"
EndProject
Project("{8BC9CEB8-8B4A-11D0-8D11-00A0C91BC942}") = "Task10", "Task10\Task10.vcxproj", "{62F6DE08-772D-4C8D-ABE2-5694E0C0F44F}"
EndProject
Global
	GlobalSection(SolutionConfigurationPlatforms) = preSolution
		Debug|x64 = Debug|x64
		Debug|x86 = Debug|x86
		Release|x64 = Release|x64
		Release|x86 = Release|x86
	EndGlobalSection
	GlobalSection(ProjectConfigurationPlatforms) = postSolution
		{13F6CCFA-D2DD-43C4-802F-7E79EAA287D5}.Debug|x64.ActiveCfg = Debug|x64
		{13F6CCFA-D2DD-43C4-802F-7E79EAA287D5}.Debug|x64.Build.0 = Debug|x64
		{13F6CCFA-D2DD-43C4-802F-7E79EAA287D5}.Debug|x86.ActiveCfg = Debug|Win32
		{13F6CCFA-D2DD-43C4-802F-7E79EAA287D5}.Debug|x86.Build.0 = Debug|Win32
		{13F6CCFA-D2DD-43C4-802F-7E79EAA287D5}.Release|x64.ActiveCfg = Release|x64
		{13F6CCFA-D2DD-43C4-802F-7E79EAA287D5}.Release|x64.Build.0 = Release|x64
		{13F6CCFA-D2DD-43C4-802F-7E79EAA287D5}.Release|x86.ActiveCfg = Release|Win32
		{13F6CCFA-D2DD-43C4-802F-7E79EAA287D5}.Release|x86.Build.0 = Release|Win32
		{95D40800-96F0-49EC-B4D3-C2F88CBB5D97}.Debug|x64.ActiveCfg = Debug|x64
		{95D40800-96F0-49EC-B4D3-C2F88CBB5D97}.Debug|x64.Build.0 = Debug|x64
		{95D40800-96F0-49EC-B4D3-C2F88CBB5D97}.Debug|x86.ActiveCfg = Debug|Win32
		{95D40800-96F0-49EC-B4D3-C2F88CBB5D97}.Debug|x86.Build.0 = Debug|Win32
		{95D40800-96F0-49EC-B4D3-C2F88CBB5D97}.Release|x64.ActiveCfg = Release|x64
		{95D40800-96F0-49EC-B4D3-C2F88CBB5D97}.Release|x64.Build.0 = Release|x64
		{95D40800-96F0-49EC-B4D3-C2F88CBB5D97}.Release|x86.ActiveCfg = Release|Win32
		{95D40800-96F0-49EC-B4D3-C2F88CBB5D97}.Release|x86.Build.0 = Release|Win32
		{5024F892-2E8A-49A3-ABA7-41262CD86ABA}.Debug|x64.ActiveCfg = Debug|x64
		{5024F892-2E8A-49A3-ABA7-41262CD86ABA}.Debug|x64.Build.0 = Debug|x64
		{5024F892-2E8A-49A3-ABA7-41262CD86ABA}.Debug|x86.ActiveCfg = Debug|Win32
		{5024F892-2E8A-49A3-ABA7-41262CD86ABA}.Debug|x86.Build.0 = Debug|Win32
		{5024F892-2E8A-49A3-ABA7-41262CD86ABA}.Release|x64.ActiveCfg = Release|x64
		{5024F892-2E8A-49A3-ABA7-41262CD86ABA}.Release|x64.Build.0 = Release|x64
		{5024F892-2E8A-49A3-ABA7-41262CD86ABA}.Release|x86.ActiveCfg = Release|Win32
		{5024F892-2E8A-49A3-ABA7-41262CD86ABA}.Release|x86.Build.0 = Release|Win32
		{A39A6D2F-4061-4385-A955-151B8AE66A6C}.Debug|x64.ActiveCfg = Debug|x64
		{A39A6D2F-4061-4385-A955-151B8AE66A6C}.Debug|x64.Build.0 = Debug|x64
		{A39A6D2F-4061-4385-A955-151B8AE66A6C}.Debug|x86.ActiveCfg = Debug|Win32
		{A39A6D2F-4061-4385-A955-151B8AE66A6C}.Debug|x86.Build.0 = Debug|Win32
		{A39A6D2F-4061-4385-A955-151B8AE66A6C}.Release|x64.ActiveCfg = Release|x64
		{A39A6D2F-4061-4385-A955-151B8AE66A6C}.Release|x64.Build.0 = Release|x64
		{A39A6D2F-4061-4385-A955-151B8AE66A6C}.Release|x86.ActiveCfg = Release|Win32
		{A39A6D2F-4061-4385-A955-151B8AE66A6C}.Release|x86.Build.0 = Release|Win32
		{97438A64-081B-4ABC-B179-A379D1CBA553}.Debug|x64.ActiveCfg = Debug|x64
		{97438A64-081B-4ABC-B179-A379D1CBA553}.Debug|x64.Build.0 = Debug|x64
		{97438A64-081B-4ABC-B179-A379D1CBA553}.Debug|x86.ActiveCfg = Debug|Win32
		{97438A64-081B-4ABC-B179-A379D1CBA553}.Debug|x86.Build.0 = Debug|Win32
		{97438A64-081B-4ABC-B179-A379D1CBA553}.Release|x64.ActiveCfg = Release|x64
		{97438A64-081B-4ABC-B179-A379D1CBA553}.Release|x64.Build.0 = Release|x64
		{97438A64-081B-4ABC-B179-A379D1CBA553}.Release|x86.ActiveCfg = Release|Win32
		{97438A64-081B-4ABC-B179-A379D1CBA553}.Release|x86.Build.0 = Release|Win32
		{0F3520EB-842D-49F0-8DD3-69D04676A791}.Debug|x64.ActiveCfg = Debug|x64
		{0F3520EB-842D-49F0-8DD3-69D04676A791}.Debug|x64.Build.0 = Debug|x64
		{0F3520EB-842D-49F0-8DD3-69D04676A791}.Debug|x86.ActiveCfg = Debug|Win32
		{0F3520EB-842D-49F0-8DD3-69D04676A791}.Debug|x86.Build.0 = Debug|Win32
		{0F3520EB-842D-49F0-8DD3-69D04676A791}.Release|x64.ActiveCfg = Release|x64
		{0F3520EB-842D-49F0-8DD3-69D04676A791}.Release|x64.Build.0 = Release|x64
		{0F3520EB-842D-49F0-8DD3-69D04676A791}.Release|x86.ActiveCfg = Release|Win32
		{0F3520EB-842D-49F0-8DD3-69D04676A791}.Release|x86.Build.0 = Release|Win32
		{364959D9-B67F-465E-A161-0BDF1D9CBB83}.Debug|x64.ActiveCfg = Debug|x64
		{364959D9-B67F-465E-A161-0BDF1D9CBB83}.Debug|x64.Build.0 = Debug|x64
		{364959D9-B67F-465E-A161-0BDF1D9CBB83}.Debug|x86.ActiveCfg = Debug|Win32
		{364959D9-B67F-465E-A161-0BDF1D9CBB83}.Debug|x86.Build.0 = Debug|Win32
		{364959D9-B67F-465E-A161-0BDF1D9CBB83}.Release|x64.ActiveCfg = Release|x64
		{364959D9-B67F-465E-A161-0BDF1D9CBB83}.Release|x64.Build.0 = Release|x64
		{364959D9-B67F-465E-A161-0BDF1D9CBB83}.Release|x86.ActiveCfg = Release|Win32
		{364959D9-B67F-465E-A161-0BDF1D9CBB83}.Release|x86.Build.0 = Release|Win32
		{0FFE4D8E-F8DF-4771-B816-98833DD55F96}.Debug|x64.ActiveCfg = Debug|x64
		{0FFE4D8E-F8DF-4771-B816-98833DD55F96}.Debug|x64.Build.0 = Debug|x64
		{0FFE4D8E-F8DF-4771-B816-98833DD55F96}.Debug|x86.ActiveCfg = Debug|Win32
		{0FFE4D8E-F8DF-4771-B816-98833DD55F96}.Debug|x86.Build.0 = Debug|Win32
		{0FFE4D8E-F8DF-4771-B816-98833DD55F96}.Release|x64.ActiveCfg = Release|x64
		{0FFE4D8E-F8DF-4771-B816-98833DD55F96}.Release|x64.Build.0 = Release|x64
		{0FFE4D8E-F8DF-4771-B816-98833DD55F96}.Release|x86.ActiveCfg = Release|Win32
		{0FFE4D8E-F8DF-4771-B816-98833DD55F96}.Release|x86.Build.0 = Release|Win32
		{691B2564-0013-46BE-85B5-AEDAF1163688}.Debug|x64.ActiveCfg = Debug|x64
		{691B2564-0013-46BE-85B5-AEDAF1163688}.Debug|x64.Build.0 = Debug|x64
		{691B2564-0013-46BE-85B5-AEDAF1163688}.Debug|x86.ActiveCfg = Debug|Win32
		{691B2564-0013-46BE-85B5-AEDAF1163688}.Debug|x86.Build.0 = Debug|Win32
		{691B2564-0013-46BE-85B5-AEDAF1163688}.Release|x64.ActiveCfg = Release|x64
		{691B2564-0013-46BE-85B5-AEDAF1163688}.Release|x64.Build.0 = Release|x64
		{691B2564-0013-46BE-85B5-AEDAF1163688}.Release|x86.ActiveCfg = Release|Win32
		{691B2564-0013-46BE-85B5-AEDAF1163688}.Release|x86.Build.0 = Release|Win32
		{62F6DE08-772D-4C8D-ABE2-5694E0C0F44F}.Debug|x64.ActiveCfg = Debug|x64
		{62F6DE08-772D-4C8D-ABE2-5694E0C0F44F}.Debug|x64.Build.0 = Debug|x64
		{62F6DE08-772D-4C8D-ABE2-5694E0C0F44F}.Debug|x86.ActiveCfg = Debug|Win32
		{62F6DE08-772D-4C8D-ABE2-5694E0C0F44F}.Debug|x86.Build.0 = Debug|Win32
		{62F6DE08-772D-4C8D-ABE2-5694E0C0F44F}.Release|x64.ActiveCfg = Release|x64
		{62F6DE08-772D-4C8D-ABE2-5694E0C0F44F}.Release|x64.Build.0 = Release|x64
		{62F6DE08-772D-4C8D-ABE2-5694E0C0F44F}.Release|x86.ActiveCfg = Release|Win32
		{62F6DE08-772D-4C8D-ABE2-5694E0C0F44F}.Release|x86.Build.0 = Release|Win32
	EndGlobalSection
	GlobalSection(SolutionProperties) = preSolution
		HideSolutionNode = FALSE
	EndGlobalSection
	GlobalSection(ExtensibilityGlobals) = postSolution
		SolutionGuid = {3AA669F1-81D0-4DA2-A8C0-7AD44FD10382}
	EndGlobalSection
EndGlobal
