
Microsoft Visual Studio Solution File, Format Version 12.00
# Visual Studio Version 17
VisualStudioVersion = 17.3.32901.215
MinimumVisualStudioVersion = 10.0.40219.1
Project("{8BC9CEB8-8B4A-11D0-8D11-00A0C91BC942}") = "Task1", "Task1\Task1.vcxproj", "{823DE7C4-E764-41E3-BCA6-B523833B03BB}"
EndProject
Project("{8BC9CEB8-8B4A-11D0-8D11-00A0C91BC942}") = "Task2", "Task2\Task2.vcxproj", "{633E7309-0BEF-4939-B148-542F6EBCEECE}"
EndProject
Project("{8BC9CEB8-8B4A-11D0-8D11-00A0C91BC942}") = "Task3", "Task3\Task3.vcxproj", "{1CB73E23-8EE7-4BF1-A742-5A2590C9FC50}"
EndProject
Project("{8BC9CEB8-8B4A-11D0-8D11-00A0C91BC942}") = "Task4", "Task4\Task4.vcxproj", "{E1A66681-0FEF-4DCF-B550-A7A80B6918CE}"
EndProject
Global
	GlobalSection(SolutionConfigurationPlatforms) = preSolution
		Debug|x64 = Debug|x64
		Debug|x86 = Debug|x86
		Release|x64 = Release|x64
		Release|x86 = Release|x86
	EndGlobalSection
	GlobalSection(ProjectConfigurationPlatforms) = postSolution
		{823DE7C4-E764-41E3-BCA6-B523833B03BB}.Debug|x64.ActiveCfg = Debug|x64
		{823DE7C4-E764-41E3-BCA6-B523833B03BB}.Debug|x64.Build.0 = Debug|x64
		{823DE7C4-E764-41E3-BCA6-B523833B03BB}.Debug|x86.ActiveCfg = Debug|Win32
		{823DE7C4-E764-41E3-BCA6-B523833B03BB}.Debug|x86.Build.0 = Debug|Win32
		{823DE7C4-E764-41E3-BCA6-B523833B03BB}.Release|x64.ActiveCfg = Release|x64
		{823DE7C4-E764-41E3-BCA6-B523833B03BB}.Release|x64.Build.0 = Release|x64
		{823DE7C4-E764-41E3-BCA6-B523833B03BB}.Release|x86.ActiveCfg = Release|Win32
		{823DE7C4-E764-41E3-BCA6-B523833B03BB}.Release|x86.Build.0 = Release|Win32
		{633E7309-0BEF-4939-B148-542F6EBCEECE}.Debug|x64.ActiveCfg = Debug|x64
		{633E7309-0BEF-4939-B148-542F6EBCEECE}.Debug|x64.Build.0 = Debug|x64
		{633E7309-0BEF-4939-B148-542F6EBCEECE}.Debug|x86.ActiveCfg = Debug|Win32
		{633E7309-0BEF-4939-B148-542F6EBCEECE}.Debug|x86.Build.0 = Debug|Win32
		{633E7309-0BEF-4939-B148-542F6EBCEECE}.Release|x64.ActiveCfg = Release|x64
		{633E7309-0BEF-4939-B148-542F6EBCEECE}.Release|x64.Build.0 = Release|x64
		{633E7309-0BEF-4939-B148-542F6EBCEECE}.Release|x86.ActiveCfg = Release|Win32
		{633E7309-0BEF-4939-B148-542F6EBCEECE}.Release|x86.Build.0 = Release|Win32
		{1CB73E23-8EE7-4BF1-A742-5A2590C9FC50}.Debug|x64.ActiveCfg = Debug|x64
		{1CB73E23-8EE7-4BF1-A742-5A2590C9FC50}.Debug|x64.Build.0 = Debug|x64
		{1CB73E23-8EE7-4BF1-A742-5A2590C9FC50}.Debug|x86.ActiveCfg = Debug|Win32
		{1CB73E23-8EE7-4BF1-A742-5A2590C9FC50}.Debug|x86.Build.0 = Debug|Win32
		{1CB73E23-8EE7-4BF1-A742-5A2590C9FC50}.Release|x64.ActiveCfg = Release|x64
		{1CB73E23-8EE7-4BF1-A742-5A2590C9FC50}.Release|x64.Build.0 = Release|x64
		{1CB73E23-8EE7-4BF1-A742-5A2590C9FC50}.Release|x86.ActiveCfg = Release|Win32
		{1CB73E23-8EE7-4BF1-A742-5A2590C9FC50}.Release|x86.Build.0 = Release|Win32
		{E1A66681-0FEF-4DCF-B550-A7A80B6918CE}.Debug|x64.ActiveCfg = Debug|x64
		{E1A66681-0FEF-4DCF-B550-A7A80B6918CE}.Debug|x64.Build.0 = Debug|x64
		{E1A66681-0FEF-4DCF-B550-A7A80B6918CE}.Debug|x86.ActiveCfg = Debug|Win32
		{E1A66681-0FEF-4DCF-B550-A7A80B6918CE}.Debug|x86.Build.0 = Debug|Win32
		{E1A66681-0FEF-4DCF-B550-A7A80B6918CE}.Release|x64.ActiveCfg = Release|x64
		{E1A66681-0FEF-4DCF-B550-A7A80B6918CE}.Release|x64.Build.0 = Release|x64
		{E1A66681-0FEF-4DCF-B550-A7A80B6918CE}.Release|x86.ActiveCfg = Release|Win32
		{E1A66681-0FEF-4DCF-B550-A7A80B6918CE}.Release|x86.Build.0 = Release|Win32
	EndGlobalSection
	GlobalSection(SolutionProperties) = preSolution
		HideSolutionNode = FALSE
	EndGlobalSection
	GlobalSection(ExtensibilityGlobals) = postSolution
		SolutionGuid = {9EE26A81-5C7D-4353-8BBA-97A30A33DB95}
	EndGlobalSection
EndGlobal
